// !$*UTF8*$!
{
	archiveVersion = 1;
	classes = {
	};
	objectVersion = 46;
	objects = {

/* Begin PBXBuildFile section */
		39E060C81A8D9C6700D49D74 /* main.m in Sources */ = {isa = PBXBuildFile; fileRef = 39E060C71A8D9C6700D49D74 /* main.m */; };
		39E060CB1A8D9C6700D49D74 /* AppDelegate.m in Sources */ = {isa = PBXBuildFile; fileRef = 39E060CA1A8D9C6700D49D74 /* AppDelegate.m */; };
		39E060CE1A8D9C6700D49D74 /* GraphDemo.xcdatamodeld in Sources */ = {isa = PBXBuildFile; fileRef = 39E060CC1A8D9C6700D49D74 /* GraphDemo.xcdatamodeld */; };
		39E060D11A8D9C6700D49D74 /* ViewController.m in Sources */ = {isa = PBXBuildFile; fileRef = 39E060D01A8D9C6700D49D74 /* ViewController.m */; };
		39E060D41A8D9C6700D49D74 /* Main.storyboard in Resources */ = {isa = PBXBuildFile; fileRef = 39E060D21A8D9C6700D49D74 /* Main.storyboard */; };
		39E060D61A8D9C6700D49D74 /* Images.xcassets in Resources */ = {isa = PBXBuildFile; fileRef = 39E060D51A8D9C6700D49D74 /* Images.xcassets */; };
		39E060D91A8D9C6700D49D74 /* LaunchScreen.xib in Resources */ = {isa = PBXBuildFile; fileRef = 39E060D71A8D9C6700D49D74 /* LaunchScreen.xib */; };
		39E060E51A8D9C6700D49D74 /* GraphDemoTests.m in Sources */ = {isa = PBXBuildFile; fileRef = 39E060E41A8D9C6700D49D74 /* GraphDemoTests.m */; };
		39E060F01A8D9CC800D49D74 /* MyTest.m in Sources */ = {isa = PBXBuildFile; fileRef = 39E060EF1A8D9CC800D49D74 /* MyTest.m */; };
		39E060F21A8D9D9100D49D74 /* edit1.png in Resources */ = {isa = PBXBuildFile; fileRef = 39E060F11A8D9D9100D49D74 /* edit1.png */; };
		39E060F51A8DA41D00D49D74 /* MyLayerDelege.m in Sources */ = {isa = PBXBuildFile; fileRef = 39E060F41A8DA41D00D49D74 /* MyLayerDelege.m */; };
/* End PBXBuildFile section */

/* Begin PBXContainerItemProxy section */
		39E060DF1A8D9C6700D49D74 /* PBXContainerItemProxy */ = {
			isa = PBXContainerItemProxy;
			containerPortal = 39E060BA1A8D9C6700D49D74 /* Project object */;
			proxyType = 1;
			remoteGlobalIDString = 39E060C11A8D9C6700D49D74;
			remoteInfo = GraphDemo;
		};
/* End PBXContainerItemProxy section */

/* Begin PBXFileReference section */
		39E060C21A8D9C6700D49D74 /* GraphDemo.app */ = {isa = PBXFileReference; explicitFileType = wrapper.application; includeInIndex = 0; path = GraphDemo.app; sourceTree = BUILT_PRODUCTS_DIR; };
		39E060C61A8D9C6700D49D74 /* Info.plist */ = {isa = PBXFileReference; lastKnownFileType = text.plist.xml; path = Info.plist; sourceTree = "<group>"; };
		39E060C71A8D9C6700D49D74 /* main.m */ = {isa = PBXFileReference; lastKnownFileType = sourcecode.c.objc; path = main.m; sourceTree = "<group>"; };
		39E060C91A8D9C6700D49D74 /* AppDelegate.h */ = {isa = PBXFileReference; lastKnownFileType = sourcecode.c.h; path = AppDelegate.h; sourceTree = "<group>"; };
		39E060CA1A8D9C6700D49D74 /* AppDelegate.m */ = {isa = PBXFileReference; lastKnownFileType = sourcecode.c.objc; path = AppDelegate.m; sourceTree = "<group>"; };
		39E060CD1A8D9C6700D49D74 /* GraphDemo.xcdatamodel */ = {isa = PBXFileReference; lastKnownFileType = wrapper.xcdatamodel; path = GraphDemo.xcdatamodel; sourceTree = "<group>"; };
		39E060CF1A8D9C6700D49D74 /* ViewController.h */ = {isa = PBXFileReference; lastKnownFileType = sourcecode.c.h; path = ViewController.h; sourceTree = "<group>"; };
		39E060D01A8D9C6700D49D74 /* ViewController.m */ = {isa = PBXFileReference; lastKnownFileType = sourcecode.c.objc; path = ViewController.m; sourceTree = "<group>"; };
		39E060D31A8D9C6700D49D74 /* Base */ = {isa = PBXFileReference; lastKnownFileType = file.storyboard; name = Base; path = Base.lproj/Main.storyboard; sourceTree = "<group>"; };
		39E060D51A8D9C6700D49D74 /* Images.xcassets */ = {isa = PBXFileReference; lastKnownFileType = folder.assetcatalog; path = Images.xcassets; sourceTree = "<group>"; };
		39E060D81A8D9C6700D49D74 /* Base */ = {isa = PBXFileReference; lastKnownFileType = file.xib; name = Base; path = Base.lproj/LaunchScreen.xib; sourceTree = "<group>"; };
		39E060DE1A8D9C6700D49D74 /* GraphDemoTests.xctest */ = {isa = PBXFileReference; explicitFileType = wrapper.cfbundle; includeInIndex = 0; path = GraphDemoTests.xctest; sourceTree = BUILT_PRODUCTS_DIR; };
		39E060E31A8D9C6700D49D74 /* Info.plist */ = {isa = PBXFileReference; lastKnownFileType = text.plist.xml; path = Info.plist; sourceTree = "<group>"; };
		39E060E41A8D9C6700D49D74 /* GraphDemoTests.m */ = {isa = PBXFileReference; lastKnownFileType = sourcecode.c.objc; path = GraphDemoTests.m; sourceTree = "<group>"; };
		39E060EE1A8D9CC800D49D74 /* MyTest.h */ = {isa = PBXFileReference; fileEncoding = 4; lastKnownFileType = sourcecode.c.h; path = MyTest.h; sourceTree = "<group>"; };
		39E060EF1A8D9CC800D49D74 /* MyTest.m */ = {isa = PBXFileReference; fileEncoding = 4; lastKnownFileType = sourcecode.c.objc; path = MyTest.m; sourceTree = "<group>"; };
		39E060F11A8D9D9100D49D74 /* edit1.png */ = {isa = PBXFileReference; lastKnownFileType = image.png; path = edit1.png; sourceTree = "<group>"; };
		39E060F31A8DA41D00D49D74 /* MyLayerDelege.h */ = {isa = PBXFileReference; fileEncoding = 4; lastKnownFileType = sourcecode.c.h; path = MyLayerDelege.h; sourceTree = "<group>"; };
		39E060F41A8DA41D00D49D74 /* MyLayerDelege.m */ = {isa = PBXFileReference; fileEncoding = 4; lastKnownFileType = sourcecode.c.objc; path = MyLayerDelege.m; sourceTree = "<group>"; };
/* End PBXFileReference section */

/* Begin PBXFrameworksBuildPhase section */
		39E060BF1A8D9C6700D49D74 /* Frameworks */ = {
			isa = PBXFrameworksBuildPhase;
			buildActionMask = 2147483647;
			files = (
			);
			runOnlyForDeploymentPostprocessing = 0;
		};
		39E060DB1A8D9C6700D49D74 /* Frameworks */ = {
			isa = PBXFrameworksBuildPhase;
			buildActionMask = 2147483647;
			files = (
			);
			runOnlyForDeploymentPostprocessing = 0;
		};
/* End PBXFrameworksBuildPhase section */

/* Begin PBXGroup section */
		39E060B91A8D9C6700D49D74 = {
			isa = PBXGroup;
			children = (
				39E060C41A8D9C6700D49D74 /* GraphDemo */,
				39E060E11A8D9C6700D49D74 /* GraphDemoTests */,
				39E060C31A8D9C6700D49D74 /* Products */,
			);
			sourceTree = "<group>";
		};
		39E060C31A8D9C6700D49D74 /* Products */ = {
			isa = PBXGroup;
			children = (
				39E060C21A8D9C6700D49D74 /* GraphDemo.app */,
				39E060DE1A8D9C6700D49D74 /* GraphDemoTests.xctest */,
			);
			name = Products;
			sourceTree = "<group>";
		};
		39E060C41A8D9C6700D49D74 /* GraphDemo */ = {
			isa = PBXGroup;
			children = (
				39E060C91A8D9C6700D49D74 /* AppDelegate.h */,
				39E060CA1A8D9C6700D49D74 /* AppDelegate.m */,
				39E060CF1A8D9C6700D49D74 /* ViewController.h */,
				39E060D01A8D9C6700D49D74 /* ViewController.m */,
				39E060EE1A8D9CC800D49D74 /* MyTest.h */,
				39E060EF1A8D9CC800D49D74 /* MyTest.m */,
				39E060F31A8DA41D00D49D74 /* MyLayerDelege.h */,
				39E060F41A8DA41D00D49D74 /* MyLayerDelege.m */,
				39E060D21A8D9C6700D49D74 /* Main.storyboard */,
				39E060D51A8D9C6700D49D74 /* Images.xcassets */,
				39E060D71A8D9C6700D49D74 /* LaunchScreen.xib */,
				39E060CC1A8D9C6700D49D74 /* GraphDemo.xcdatamodeld */,
				39E060C51A8D9C6700D49D74 /* Supporting Files */,
			);
			path = GraphDemo;
			sourceTree = "<group>";
		};
		39E060C51A8D9C6700D49D74 /* Supporting Files */ = {
			isa = PBXGroup;
			children = (
				39E060F11A8D9D9100D49D74 /* edit1.png */,
				39E060C61A8D9C6700D49D74 /* Info.plist */,
				39E060C71A8D9C6700D49D74 /* main.m */,
			);
			name = "Supporting Files";
			sourceTree = "<group>";
		};
		39E060E11A8D9C6700D49D74 /* GraphDemoTests */ = {
			isa = PBXGroup;
			children = (
				39E060E41A8D9C6700D49D74 /* GraphDemoTests.m */,
				39E060E21A8D9C6700D49D74 /* Supporting Files */,
			);
			path = GraphDemoTests;
			sourceTree = "<group>";
		};
		39E060E21A8D9C6700D49D74 /* Supporting Files */ = {
			isa = PBXGroup;
			children = (
				39E060E31A8D9C6700D49D74 /* Info.plist */,
			);
			name = "Supporting Files";
			sourceTree = "<group>";
		};
/* End PBXGroup section */

/* Begin PBXNativeTarget section */
		39E060C11A8D9C6700D49D74 /* GraphDemo */ = {
			isa = PBXNativeTarget;
			buildConfigurationList = 39E060E81A8D9C6700D49D74 /* Build configuration list for PBXNativeTarget "GraphDemo" */;
			buildPhases = (
				39E060BE1A8D9C6700D49D74 /* Sources */,
				39E060BF1A8D9C6700D49D74 /* Frameworks */,
				39E060C01A8D9C6700D49D74 /* Resources */,
			);
			buildRules = (
			);
			dependencies = (
			);
			name = GraphDemo;
			productName = GraphDemo;
			productReference = 39E060C21A8D9C6700D49D74 /* GraphDemo.app */;
			productType = "com.apple.product-type.application";
		};
		39E060DD1A8D9C6700D49D74 /* GraphDemoTests */ = {
			isa = PBXNativeTarget;
			buildConfigurationList = 39E060EB1A8D9C6700D49D74 /* Build configuration list for PBXNativeTarget "GraphDemoTests" */;
			buildPhases = (
				39E060DA1A8D9C6700D49D74 /* Sources */,
				39E060DB1A8D9C6700D49D74 /* Frameworks */,
				39E060DC1A8D9C6700D49D74 /* Resources */,
			);
			buildRules = (
			);
			dependencies = (
				39E060E01A8D9C6700D49D74 /* PBXTargetDependency */,
			);
			name = GraphDemoTests;
			productName = GraphDemoTests;
			productReference = 39E060DE1A8D9C6700D49D74 /* GraphDemoTests.xctest */;
			productType = "com.apple.product-type.bundle.unit-test";
		};
/* End PBXNativeTarget section */

/* Begin PBXProject section */
		39E060BA1A8D9C6700D49D74 /* Project object */ = {
			isa = PBXProject;
			attributes = {
				LastUpgradeCheck = 0610;
				ORGANIZATIONNAME = xinshunwang;
				TargetAttributes = {
					39E060C11A8D9C6700D49D74 = {
						CreatedOnToolsVersion = 6.1.1;
					};
					39E060DD1A8D9C6700D49D74 = {
						CreatedOnToolsVersion = 6.1.1;
						TestTargetID = 39E060C11A8D9C6700D49D74;
					};
				};
			};
			buildConfigurationList = 39E060BD1A8D9C6700D49D74 /* Build configuration list for PBXProject "GraphDemo" */;
			compatibilityVersion = "Xcode 3.2";
			developmentRegion = English;
			hasScannedForEncodings = 0;
			knownRegions = (
				en,
				Base,
			);
			mainGroup = 39E060B91A8D9C6700D49D74;
			productRefGroup = 39E060C31A8D9C6700D49D74 /* Products */;
			projectDirPath = "";
			projectRoot = "";
			targets = (
				39E060C11A8D9C6700D49D74 /* GraphDemo */,
				39E060DD1A8D9C6700D49D74 /* GraphDemoTests */,
			);
		};
/* End PBXProject section */

/* Begin PBXResourcesBuildPhase section */
		39E060C01A8D9C6700D49D74 /* Resources */ = {
			isa = PBXResourcesBuildPhase;
			buildActionMask = 2147483647;
			files = (
				39E060D41A8D9C6700D49D74 /* Main.storyboard in Resources */,
				39E060D91A8D9C6700D49D74 /* LaunchScreen.xib in Resources */,
				39E060D61A8D9C6700D49D74 /* Images.xcassets in Resources */,
				39E060F21A8D9D9100D49D74 /* edit1.png in Resources */,
			);
			runOnlyForDeploymentPostprocessing = 0;
		};
		39E060DC1A8D9C6700D49D74 /* Resources */ = {
			isa = PBXResourcesBuildPhase;
			buildActionMask = 2147483647;
			files = (
			);
			runOnlyForDeploymentPostprocessing = 0;
		};
/* End PBXResourcesBuildPhase section */

/* Begin PBXSourcesBuildPhase section */
		39E060BE1A8D9C6700D49D74 /* Sources */ = {
			isa = PBXSourcesBuildPhase;
			buildActionMask = 2147483647;
			files = (
				39E060CB1A8D9C6700D49D74 /* AppDelegate.m in Sources */,
				39E060F51A8DA41D00D49D74 /* MyLayerDelege.m in Sources */,
				39E060CE1A8D9C6700D49D74 /* GraphDemo.xcdatamodeld in Sources */,
				39E060D11A8D9C6700D49D74 /* ViewController.m in Sources */,
				39E060C81A8D9C6700D49D74 /* main.m in Sources */,
				39E060F01A8D9CC800D49D74 /* MyTest.m in Sources */,
			);
			runOnlyForDeploymentPostprocessing = 0;
		};
		39E060DA1A8D9C6700D49D74 /* Sources */ = {
			isa = PBXSourcesBuildPhase;
			buildActionMask = 2147483647;
			files = (
				39E060E51A8D9C6700D49D74 /* GraphDemoTests.m in Sources */,
			);
			runOnlyForDeploymentPostprocessing = 0;
		};
/* End PBXSourcesBuildPhase section */

/* Begin PBXTargetDependency section */
		39E060E01A8D9C6700D49D74 /* PBXTargetDependency */ = {
			isa = PBXTargetDependency;
			target = 39E060C11A8D9C6700D49D74 /* GraphDemo */;
			targetProxy = 39E060DF1A8D9C6700D49D74 /* PBXContainerItemProxy */;
		};
/* End PBXTargetDependency section */

/* Begin PBXVariantGroup section */
		39E060D21A8D9C6700D49D74 /* Main.storyboard */ = {
			isa = PBXVariantGroup;
			children = (
				39E060D31A8D9C6700D49D74 /* Base */,
			);
			name = Main.storyboard;
			sourceTree = "<group>";
		};
		39E060D71A8D9C6700D49D74 /* LaunchScreen.xib */ = {
			isa = PBXVariantGroup;
			children = (
				39E060D81A8D9C6700D49D74 /* Base */,
			);
			name = LaunchScreen.xib;
			sourceTree = "<group>";
		};
/* End PBXVariantGroup section */

/* Begin XCBuildConfiguration section */
		39E060E61A8D9C6700D49D74 /* Debug */ = {
			isa = XCBuildConfiguration;
			buildSettings = {
				ALWAYS_SEARCH_USER_PATHS = NO;
				CLANG_CXX_LANGUAGE_STANDARD = "gnu++0x";
				CLANG_CXX_LIBRARY = "libc++";
				CLANG_ENABLE_MODULES = YES;
				CLANG_ENABLE_OBJC_ARC = YES;
				CLANG_WARN_BOOL_CONVERSION = YES;
				CLANG_WARN_CONSTANT_CONVERSION = YES;
				CLANG_WARN_DIRECT_OBJC_ISA_USAGE = YES_ERROR;
				CLANG_WARN_EMPTY_BODY = YES;
				CLANG_WARN_ENUM_CONVERSION = YES;
				CLANG_WARN_INT_CONVERSION = YES;
				CLANG_WARN_OBJC_ROOT_CLASS = YES_ERROR;
				CLANG_WARN_UNREACHABLE_CODE = YES;
				CLANG_WARN__DUPLICATE_METHOD_MATCH = YES;
				"CODE_SIGN_IDENTITY[sdk=iphoneos*]" = "iPhone Developer";
				COPY_PHASE_STRIP = NO;
				ENABLE_STRICT_OBJC_MSGSEND = YES;
				GCC_C_LANGUAGE_STANDARD = gnu99;
				GCC_DYNAMIC_NO_PIC = NO;
				GCC_OPTIMIZATION_LEVEL = 0;
				GCC_PREPROCESSOR_DEFINITIONS = (
					"DEBUG=1",
					"$(inherited)",
				);
				GCC_SYMBOLS_PRIVATE_EXTERN = NO;
				GCC_WARN_64_TO_32_BIT_CONVERSION = YES;
				GCC_WARN_ABOUT_RETURN_TYPE = YES_ERROR;
				GCC_WARN_UNDECLARED_SELECTOR = YES;
				GCC_WARN_UNINITIALIZED_AUTOS = YES_AGGRESSIVE;
				GCC_WARN_UNUSED_FUNCTION = YES;
				GCC_WARN_UNUSED_VARIABLE = YES;
				IPHONEOS_DEPLOYMENT_TARGET = 8.1;
				MTL_ENABLE_DEBUG_INFO = YES;
				ONLY_ACTIVE_ARCH = YES;
				SDKROOT = iphoneos;
				TARGETED_DEVICE_FAMILY = "1,2";
			};
			name = Debug;
		};
		39E060E71A8D9C6700D49D74 /* Release */ = {
			isa = XCBuildConfiguration;
			buildSettings = {
				ALWAYS_SEARCH_USER_PATHS = NO;
				CLANG_CXX_LANGUAGE_STANDARD = "gnu++0x";
				CLANG_CXX_LIBRARY = "libc++";
				CLANG_ENABLE_MODULES = YES;
				CLANG_ENABLE_OBJC_ARC = YES;
				CLANG_WARN_BOOL_CONVERSION = YES;
				CLANG_WARN_CONSTANT_CONVERSION = YES;
				CLANG_WARN_DIRECT_OBJC_ISA_USAGE = YES_ERROR;
				CLANG_WARN_EMPTY_BODY = YES;
				CLANG_WARN_ENUM_CONVERSION = YES;
				CLANG_WARN_INT_CONVERSION = YES;
				CLANG_WARN_OBJC_ROOT_CLASS = YES_ERROR;
				CLANG_WARN_UNREACHABLE_CODE = YES;
				CLANG_WARN__DUPLICATE_METHOD_MATCH = YES;
				"CODE_SIGN_IDENTITY[sdk=iphoneos*]" = "iPhone Developer";
				COPY_PHASE_STRIP = YES;
				ENABLE_NS_ASSERTIONS = NO;
				ENABLE_STRICT_OBJC_MSGSEND = YES;
				GCC_C_LANGUAGE_STANDARD = gnu99;
				GCC_WARN_64_TO_32_BIT_CONVERSION = YES;
				GCC_WARN_ABOUT_RETURN_TYPE = YES_ERROR;
				GCC_WARN_UNDECLARED_SELECTOR = YES;
				GCC_WARN_UNINITIALIZED_AUTOS = YES_AGGRESSIVE;
				GCC_WARN_UNUSED_FUNCTION = YES;
				GCC_WARN_UNUSED_VARIABLE = YES;
				IPHONEOS_DEPLOYMENT_TARGET = 8.1;
				MTL_ENABLE_DEBUG_INFO = NO;
				SDKROOT = iphoneos;
				TARGETED_DEVICE_FAMILY = "1,2";
				VALIDATE_PRODUCT = YES;
			};
			name = Release;
		};
		39E060E91A8D9C6700D49D74 /* Debug */ = {
			isa = XCBuildConfiguration;
			buildSettings = {
				ASSETCATALOG_COMPILER_APPICON_NAME = AppIcon;
				INFOPLIST_FILE = GraphDemo/Info.plist;
				LD_RUNPATH_SEARCH_PATHS = "$(inherited) @executable_path/Frameworks";
				PRODUCT_NAME = "$(TARGET_NAME)";
			};
			name = Debug;
		};
		39E060EA1A8D9C6700D49D74 /* Release */ = {
			isa = XCBuildConfiguration;
			buildSettings = {
				ASSETCATALOG_COMPILER_APPICON_NAME = AppIcon;
				INFOPLIST_FILE = GraphDemo/Info.plist;
				LD_RUNPATH_SEARCH_PATHS = "$(inherited) @executable_path/Frameworks";
				PRODUCT_NAME = "$(TARGET_NAME)";
			};
			name = Release;
		};
		39E060EC1A8D9C6700D49D74 /* Debug */ = {
			isa = XCBuildConfiguration;
			buildSettings = {
				BUNDLE_LOADER = "$(TEST_HOST)";
				FRAMEWORK_SEARCH_PATHS = (
					"$(SDKROOT)/Developer/Library/Frameworks",
					"$(inherited)",
				);
				GCC_PREPROCESSOR_DEFINITIONS = (
					"DEBUG=1",
					"$(inherited)",
				);
				INFOPLIST_FILE = GraphDemoTests/Info.plist;
				LD_RUNPATH_SEARCH_PATHS = "$(inherited) @executable_path/Frameworks @loader_path/Frameworks";
				PRODUCT_NAME = "$(TARGET_NAME)";
				TEST_HOST = "$(BUILT_PRODUCTS_DIR)/GraphDemo.app/GraphDemo";
			};
			name = Debug;
		};
		39E060ED1A8D9C6700D49D74 /* Release */ = {
			isa = XCBuildConfiguration;
			buildSettings = {
				BUNDLE_LOADER = "$(TEST_HOST)";
				FRAMEWORK_SEARCH_PATHS = (
					"$(SDKROOT)/Developer/Library/Frameworks",
					"$(inherited)",
				);
				INFOPLIST_FILE = GraphDemoTests/Info.plist;
				LD_RUNPATH_SEARCH_PATHS = "$(inherited) @executable_path/Frameworks @loader_path/Frameworks";
				PRODUCT_NAME = "$(TARGET_NAME)";
				TEST_HOST = "$(BUILT_PRODUCTS_DIR)/GraphDemo.app/GraphDemo";
			};
			name = Release;
		};
/* End XCBuildConfiguration section */

/* Begin XCConfigurationList section */
		39E060BD1A8D9C6700D49D74 /* Build configuration list for PBXProject "GraphDemo" */ = {
			isa = XCConfigurationList;
			buildConfigurations = (
				39E060E61A8D9C6700D49D74 /* Debug */,
				39E060E71A8D9C6700D49D74 /* Release */,
			);
			defaultConfigurationIsVisible = 0;
			defaultConfigurationName = Release;
		};
		39E060E81A8D9C6700D49D74 /* Build configuration list for PBXNativeTarget "GraphDemo" */ = {
			isa = XCConfigurationList;
			buildConfigurations = (
				39E060E91A8D9C6700D49D74 /* Debug */,
				39E060EA1A8D9C6700D49D74 /* Release */,
			);
			defaultConfigurationIsVisible = 0;
		};
		39E060EB1A8D9C6700D49D74 /* Build configuration list for PBXNativeTarget "GraphDemoTests" */ = {
			isa = XCConfigurationList;
			buildConfigurations = (
				39E060EC1A8D9C6700D49D74 /* Debug */,
				39E060ED1A8D9C6700D49D74 /* Release */,
			);
			defaultConfigurationIsVisible = 0;
		};
/* End XCConfigurationList section */

/* Begin XCVersionGroup section */
		39E060CC1A8D9C6700D49D74 /* GraphDemo.xcdatamodeld */ = {
			isa = XCVersionGroup;
			children = (
				39E060CD1A8D9C6700D49D74 /* GraphDemo.xcdatamodel */,
			);
			currentVersion = 39E060CD1A8D9C6700D49D74 /* GraphDemo.xcdatamodel */;
			path = GraphDemo.xcdatamodeld;
			sourceTree = "<group>";
			versionGroupType = wrapper.xcdatamodel;
		};
/* End XCVersionGroup section */
	};
	rootObject = 39E060BA1A8D9C6700D49D74 /* Project object */;
}
